
Microsoft Visual Studio Solution File, Format Version 12.00
# Visual Studio 2013
VisualStudioVersion = 12.0.21005.1
MinimumVisualStudioVersion = 10.0.40219.1
Project("{FAE04EC0-301F-11D3-BF4B-00C04F79EFBC}") = "Albums.Data", "Albums.Data\Albums.Data.csproj", "{44413C59-2467-4360-BE4A-086ADF9CEFD5}"
EndProject
Project("{FAE04EC0-301F-11D3-BF4B-00C04F79EFBC}") = "ConsoleClient", "ConsoleClient\ConsoleClient.csproj", "{C6AE2616-96FB-4858-AF89-4DBD27F404A4}"
EndProject
Project("{FAE04EC0-301F-11D3-BF4B-00C04F79EFBC}") = "Albums.Services", "Albums.Services\Albums.Services.csproj", "{B9CE4ED4-D282-4D8A-9D79-1FAA5D888F6A}"
EndProject
Project("{FAE04EC0-301F-11D3-BF4B-00C04F79EFBC}") = "Albums.Models", "Album.Models\Albums.Models.csproj", "{A949E215-F0E7-4FE7-B3FA-FB3FB3459477}"
EndProject
Global
	GlobalSection(SolutionConfigurationPlatforms) = preSolution
		Debug|Any CPU = Debug|Any CPU
		Release|Any CPU = Release|Any CPU
	EndGlobalSection
	GlobalSection(ProjectConfigurationPlatforms) = postSolution
		{44413C59-2467-4360-BE4A-086ADF9CEFD5}.Debug|Any CPU.ActiveCfg = Debug|Any CPU
		{44413C59-2467-4360-BE4A-086ADF9CEFD5}.Debug|Any CPU.Build.0 = Debug|Any CPU
		{44413C59-2467-4360-BE4A-086ADF9CEFD5}.Release|Any CPU.ActiveCfg = Release|Any CPU
		{44413C59-2467-4360-BE4A-086ADF9CEFD5}.Release|Any CPU.Build.0 = Release|Any CPU
		{C6AE2616-96FB-4858-AF89-4DBD27F404A4}.Debug|Any CPU.ActiveCfg = Debug|Any CPU
		{C6AE2616-96FB-4858-AF89-4DBD27F404A4}.Debug|Any CPU.Build.0 = Debug|Any CPU
		{C6AE2616-96FB-4858-AF89-4DBD27F404A4}.Release|Any CPU.ActiveCfg = Release|Any CPU
		{C6AE2616-96FB-4858-AF89-4DBD27F404A4}.Release|Any CPU.Build.0 = Release|Any CPU
		{B9CE4ED4-D282-4D8A-9D79-1FAA5D888F6A}.Debug|Any CPU.ActiveCfg = Debug|Any CPU
		{B9CE4ED4-D282-4D8A-9D79-1FAA5D888F6A}.Debug|Any CPU.Build.0 = Debug|Any CPU
		{B9CE4ED4-D282-4D8A-9D79-1FAA5D888F6A}.Release|Any CPU.ActiveCfg = Release|Any CPU
		{B9CE4ED4-D282-4D8A-9D79-1FAA5D888F6A}.Release|Any CPU.Build.0 = Release|Any CPU
		{A949E215-F0E7-4FE7-B3FA-FB3FB3459477}.Debug|Any CPU.ActiveCfg = Debug|Any CPU
		{A949E215-F0E7-4FE7-B3FA-FB3FB3459477}.Debug|Any CPU.Build.0 = Debug|Any CPU
		{A949E215-F0E7-4FE7-B3FA-FB3FB3459477}.Release|Any CPU.ActiveCfg = Release|Any CPU
		{A949E215-F0E7-4FE7-B3FA-FB3FB3459477}.Release|Any CPU.Build.0 = Release|Any CPU
	EndGlobalSection
	GlobalSection(SolutionProperties) = preSolution
		HideSolutionNode = FALSE
	EndGlobalSection
EndGlobal
